Microsoft Visual Studio Solution File, Format Version 12.00
# Visual Studio Version 17
VisualStudioVersion = 17.5.2.0
MinimumVisualStudioVersion = 10.0.40219.1
Project("{FAE04EC0-301F-11D3-BF4B-00C04F79EFBC}") = "auditoriaBackend", "auditoriaBackend\auditoriaBackend.csproj", "{77591487-7E46-A6DC-324C-5CFEA4E46F0D}"
EndProject
Global
	GlobalSection(SolutionConfigurationPlatforms) = preSolution
		Debug|Any CPU = Debug|Any CPU
		Release|Any CPU = Release|Any CPU
	EndGlobalSection
	GlobalSection(ProjectConfigurationPlatforms) = postSolution
		{77591487-7E46-A6DC-324C-5CFEA4E46F0D}.Debug|Any CPU.ActiveCfg = Debug|Any CPU
		{77591487-7E46-A6DC-324C-5CFEA4E46F0D}.Debug|Any CPU.Build.0 = Debug|Any CPU
		{77591487-7E46-A6DC-324C-5CFEA4E46F0D}.Release|Any CPU.ActiveCfg = Release|Any CPU
		{77591487-7E46-A6DC-324C-5CFEA4E46F0D}.Release|Any CPU.Build.0 = Release|Any CPU
	EndGlobalSection
	GlobalSection(SolutionProperties) = preSolution
		HideSolutionNode = FALSE
	EndGlobalSection
	GlobalSection(ExtensibilityGlobals) = postSolution
		SolutionGuid = {900832C2-052A-46AE-BE70-4ED41F73C221}
	EndGlobalSection
EndGlobal
